
Microsoft Visual Studio Solution File, Format Version 12.00
# Visual Studio Version 17
VisualStudioVersion = 17.6.33829.357
MinimumVisualStudioVersion = 10.0.40219.1
Project("{FAE04EC0-301F-11D3-BF4B-00C04F79EFBC}") = "ConsoleApp3", "ConsoleApp3\ConsoleApp3.csproj", "{360DE525-6D91-4E4C-A977-2C80B7A37FA1}"
EndProject
Global
	GlobalSection(SolutionConfigurationPlatforms) = preSolution
		Debug|Any CPU = Debug|Any CPU
		Release|Any CPU = Release|Any CPU
	EndGlobalSection
	GlobalSection(ProjectConfigurationPlatforms) = postSolution
		{360DE525-6D91-4E4C-A977-2C80B7A37FA1}.Debug|Any CPU.ActiveCfg = Debug|Any CPU
		{360DE525-6D91-4E4C-A977-2C80B7A37FA1}.Debug|Any CPU.Build.0 = Debug|Any CPU
		{360DE525-6D91-4E4C-A977-2C80B7A37FA1}.Release|Any CPU.ActiveCfg = Release|Any CPU
		{360DE525-6D91-4E4C-A977-2C80B7A37FA1}.Release|Any CPU.Build.0 = Release|Any CPU
	EndGlobalSection
	GlobalSection(SolutionProperties) = preSolution
		HideSolutionNode = FALSE
	EndGlobalSection
	GlobalSection(ExtensibilityGlobals) = postSolution
		SolutionGuid = {5D0ED4B6-0EB3-44BD-B630-6DDB631C2615}
	EndGlobalSection
EndGlobal
